github.com/davecgh/go-spew v1.1.1 h1:vj9j/u1bqnvCEfJOwUhtlOARqs3+rkHYY13jYWTU97c=
github.com/davecgh/go-spew v1.1.1/go.mod h1:J7Y8YcW2NihsgmVo/mv3lAwl/skON4iLHjSsI+c5H38=
github.com/google/uuid v1.6.0 h1:NIvaJDMOsjHA8n1jAhLSgzrAzy1Hgr+hNrb57e+94F0=
github.com/google/uuid v1.6.0/go.mod h1:TIyPZe4MgqvfeYDBFedMoGGpEw/LqOeaOT+nhxU+yHo=
github.com/pkg/errors v0.9.1 h1:FEBLx1zS214owpjy7qsBeixbURkuhQAwrK5UwLGTwt4=
github.com/pkg/errors v0.9.1/go.mod h1:bwawxfHBFNV+L2hUp1rHADufV3IMtnDRdf1r5NINEl0=
github.com/pmezard/go-difflib v1.0.0 h1:4DBwDE0NGyQoBHbLQYPwSUPoCMWR5BEzIk/f1lZbAQM=
github.com/pmezard/go-difflib v1.0.0/go.mod h1:iKH77koFhYxTK1pcRnkKkqfTogsbg7gZNVY4sRDYZ/4=
github.com/stretchr/testify v1.8.4 h1:CcVxjf3Q8PM0mHUKJCdn+eZZtm5yQwehR5yeSVQQcUk=
github.com/stretchr/testify v1.8.4/go.mod h1:sz/lmYIOXD/1dqDmKjjqLyZ2RngseejIcXlSw2iwfAo=
github.com/vahagz/bptree v0.0.5-0.20240408062937-15c4b6e0473c h1:PU2bfaIcY9IDdRf8rKjRxoVB7cvbWZHuXtkYZ+NvxUE=
github.com/vahagz/bptree v0.0.5-0.20240408062937-15c4b6e0473c/go.mod h1:5XM4jvsECK5cgDKAPmobO1GctzJI6X/ZCGj8aXAb8Qc=
github.com/vahagz/disk-allocator/heap v0.0.0-20240323102808-e6fad920d810 h1:0LX75YmY1nmOiu+Qy3eK7QVIzHi7FywAZzYMivhb3VE=
github.com/vahagz/disk-allocator/heap v0.0.0-20240323102808-e6fad920d810/go.mod h1:E6eYsGnWT9+BIHCavcRDRvyulTn/jY8zis74kso/P7k=
github.com/vahagz/pager v0.0.2-0.20240320134257-ef6bfabceb56 h1:w0spc+xYwCRX6lzG9p4PSJgasU0j6yYyEREdbLiy5ko=
github.com/vahagz/pager v0.0.2-0.20240320134257-ef6bfabceb56/go.mod h1:BADV/WdBlDoO9N6/N2Kio0j8HCi4JRNeMrxQ8ZAPDao=
github.com/vahagz/rbtree v0.0.2-0.20240323102741-0d34f31188f4 h1:0CHS3+LqhLcjd0+n/1kmNWwfPNf1fBwiaNbgDbK3jRs=
github.com/vahagz/rbtree v0.0.2-0.20240323102741-0d34f31188f4/go.mod h1:2ACCxYuN9OGNDU93wvIU8O33helwVhj3ny9wzRPRLm8=
golang.org/x/exp v0.0.0-20240205201215-2c58cdc269a3 h1:/RIbNt/Zr7rVhIkQhooTxCxFcdWLGIKnZA4IXNFSrvo=
golang.org/x/exp v0.0.0-20240205201215-2c58cdc269a3/go.mod h1:idGWGoKP1toJGkd5/ig9ZLuPcZBC3ewk7SzmH0uou08=
golang.org/x/sync v0.6.0 h1:5BMeUDZ7vkXGfEr1x9B4bRcTH4lpkTkpdh0T/J+qjbQ=
golang.org/x/sync v0.6.0/go.mod h1:Czt+wKu1gCyEFDUtn0jG5QVvpJ6rzVqr5aXyt9drQfk=
gopkg.in/check.v1 v0.0.0-20161208181325-20d25e280405 h1:yhCVgyC4o1eVCa2tZl7eS0r+SDo693bJlVdllGtEeKM=
gopkg.in/check.v1 v0.0.0-20161208181325-20d25e280405/go.mod h1:Co6ibVJAznAaIkqp8huTwlJQCZ016jof/cbN4VW5Yz0=
gopkg.in/yaml.v3 v3.0.1 h1:fxVm/GzAzEWqLHuvctI91KS9hhNmmWOoWu0XTYJS7CA=
gopkg.in/yaml.v3 v3.0.1/go.mod h1:K4uyk7z7BCEPqu6E+C64Yfv1cQ7kz7rIZviUmN+EgEM=
