github.com/davecgh/go-spew v1.1.1 h1:vj9j/u1bqnvCEfJOwUhtlOARqs3+rkHYY13jYWTU97c=
github.com/davecgh/go-spew v1.1.1/go.mod h1:J7Y8YcW2NihsgmVo/mv3lAwl/skON4iLHjSsI+c5H38=
github.com/google/uuid v1.6.0 h1:NIvaJDMOsjHA8n1jAhLSgzrAzy1Hgr+hNrb57e+94F0=
github.com/google/uuid v1.6.0/go.mod h1:TIyPZe4MgqvfeYDBFedMoGGpEw/LqOeaOT+nhxU+yHo=
github.com/pkg/errors v0.9.1 h1:FEBLx1zS214owpjy7qsBeixbURkuhQAwrK5UwLGTwt4=
github.com/pkg/errors v0.9.1/go.mod h1:bwawxfHBFNV+L2hUp1rHADufV3IMtnDRdf1r5NINEl0=
github.com/pmezard/go-difflib v1.0.0 h1:4DBwDE0NGyQoBHbLQYPwSUPoCMWR5BEzIk/f1lZbAQM=
github.com/pmezard/go-difflib v1.0.0/go.mod h1:iKH77koFhYxTK1pcRnkKkqfTogsbg7gZNVY4sRDYZ/4=
github.com/stretchr/testify v1.8.4 h1:CcVxjf3Q8PM0mHUKJCdn+eZZtm5yQwehR5yeSVQQcUk=
github.com/stretchr/testify v1.8.4/go.mod h1:sz/lmYIOXD/1dqDmKjjqLyZ2RngseejIcXlSw2iwfAo=
github.com/vahagz/bptree v0.0.5-0.20240320122318-96c47942a04d h1:t2vRm0CAWv8w8VEhvyaYZmp6e1A1RLOkBgx7DE6HC3E=
github.com/vahagz/bptree v0.0.5-0.20240320122318-96c47942a04d/go.mod h1:zecJsS5ok9+erwQFQSwM4ZL+n+K19C754U5lV4RuG1U=
github.com/vahagz/disk-allocator/heap v0.0.0-20240320122253-359b95b875cc h1:2eQOmxIN5Z3R9A0FQamdj5rZiAy/SImER7IPTbkfP0g=
github.com/vahagz/disk-allocator/heap v0.0.0-20240320122253-359b95b875cc/go.mod h1:5jyEebe9LiDD9oW1IDrSN/e2ECstAlLBkGaOo+Mj1so=
github.com/vahagz/pager v0.0.2-0.20240216111856-92b66f0b6de0 h1:qVzmQZPXb3hJA21FcR2Opm6H2IYjk3IEUx75/7tSUl4=
github.com/vahagz/pager v0.0.2-0.20240216111856-92b66f0b6de0/go.mod h1:+JXYLDhIOOiYLkRhQIxn14iTH25yKOLkfHWqu19im/Y=
github.com/vahagz/rbtree v0.0.2-0.20240320122225-51e6f96f7fcb h1:iyN4UfyJAcyiQuuHu77ovTSEut4CWbbibahvG0IqRVQ=
github.com/vahagz/rbtree v0.0.2-0.20240320122225-51e6f96f7fcb/go.mod h1:f2LDCJivFOa899pt+2LYIWcDOknd5UKaimsyAJTKP4s=
golang.org/x/exp v0.0.0-20240205201215-2c58cdc269a3 h1:/RIbNt/Zr7rVhIkQhooTxCxFcdWLGIKnZA4IXNFSrvo=
golang.org/x/exp v0.0.0-20240205201215-2c58cdc269a3/go.mod h1:idGWGoKP1toJGkd5/ig9ZLuPcZBC3ewk7SzmH0uou08=
golang.org/x/sync v0.6.0 h1:5BMeUDZ7vkXGfEr1x9B4bRcTH4lpkTkpdh0T/J+qjbQ=
golang.org/x/sync v0.6.0/go.mod h1:Czt+wKu1gCyEFDUtn0jG5QVvpJ6rzVqr5aXyt9drQfk=
gopkg.in/check.v1 v0.0.0-20161208181325-20d25e280405 h1:yhCVgyC4o1eVCa2tZl7eS0r+SDo693bJlVdllGtEeKM=
gopkg.in/check.v1 v0.0.0-20161208181325-20d25e280405/go.mod h1:Co6ibVJAznAaIkqp8huTwlJQCZ016jof/cbN4VW5Yz0=
gopkg.in/yaml.v3 v3.0.1 h1:fxVm/GzAzEWqLHuvctI91KS9hhNmmWOoWu0XTYJS7CA=
gopkg.in/yaml.v3 v3.0.1/go.mod h1:K4uyk7z7BCEPqu6E+C64Yfv1cQ7kz7rIZviUmN+EgEM=
