github.com/davecgh/go-spew v1.1.1 h1:vj9j/u1bqnvCEfJOwUhtlOARqs3+rkHYY13jYWTU97c=
github.com/davecgh/go-spew v1.1.1/go.mod h1:J7Y8YcW2NihsgmVo/mv3lAwl/skON4iLHjSsI+c5H38=
github.com/edsrzf/mmap-go v1.1.0 h1:6EUwBLQ/Mcr1EYLE4Tn1VdW1A4ckqCQWZBw8Hr0kjpQ=
github.com/edsrzf/mmap-go v1.1.0/go.mod h1:19H/e8pUPLicwkyNgOykDXkJ9F0MHE+Z52B8EIth78Q=
github.com/pkg/errors v0.9.1 h1:FEBLx1zS214owpjy7qsBeixbURkuhQAwrK5UwLGTwt4=
github.com/pkg/errors v0.9.1/go.mod h1:bwawxfHBFNV+L2hUp1rHADufV3IMtnDRdf1r5NINEl0=
github.com/pmezard/go-difflib v1.0.0 h1:4DBwDE0NGyQoBHbLQYPwSUPoCMWR5BEzIk/f1lZbAQM=
github.com/pmezard/go-difflib v1.0.0/go.mod h1:iKH77koFhYxTK1pcRnkKkqfTogsbg7gZNVY4sRDYZ/4=
github.com/stretchr/testify v1.8.4 h1:CcVxjf3Q8PM0mHUKJCdn+eZZtm5yQwehR5yeSVQQcUk=
github.com/stretchr/testify v1.8.4/go.mod h1:sz/lmYIOXD/1dqDmKjjqLyZ2RngseejIcXlSw2iwfAo=
github.com/vahagz/bptree v0.0.5-0.20240124142002-30dd773c400b h1:Rb5BM1PcOrrmGDzQQBEbZVKtUxfleKkCnKgVgpw/l+A=
github.com/vahagz/bptree v0.0.5-0.20240124142002-30dd773c400b/go.mod h1:TaFmohHkwMKo2KDta8GjO2/9kgXUymLUbMJjLrxYMAM=
github.com/vahagz/disk-allocator/heap v0.0.0-20240124141934-a045858da972 h1:hUqLijsG0gUp1UETryfS8W9kfaLHX9F3vxoJaHZtbU0=
github.com/vahagz/disk-allocator/heap v0.0.0-20240124141934-a045858da972/go.mod h1:ugD049A8lyp3X8pfphM6NX5L3P3Fit6JGjRs6976ihQ=
github.com/vahagz/pager v0.0.2-0.20240124141821-d9a252b6212b h1:lWKnLH6JUoAP6biMhJRiIjK2yZK/9C6qZU1BIvt3DxE=
github.com/vahagz/pager v0.0.2-0.20240124141821-d9a252b6212b/go.mod h1:46G/eN1+gw4I5FgyY2sIFDgAJuQvwNADs49wTKqfyOk=
github.com/vahagz/rbtree v0.0.2-0.20240124141912-f00f8bc1d2fd h1:8w8so/fqPGMCcdi3mTmxLQfk+vdRS9DrVRXZvgGI6uY=
github.com/vahagz/rbtree v0.0.2-0.20240124141912-f00f8bc1d2fd/go.mod h1:GFnDXpvSJ9DDA/GxpGEZYRggiX80jDn+Ku8Y+jJB23M=
golang.org/x/sys v0.16.0 h1:xWw16ngr6ZMtmxDyKyIgsE93KNKz5HKmMa3b8ALHidU=
golang.org/x/sys v0.16.0/go.mod h1:/VUhepiaJMQUp4+oa/7Zr1D23ma6VTLIYjOOTFZPUcA=
gopkg.in/check.v1 v0.0.0-20161208181325-20d25e280405 h1:yhCVgyC4o1eVCa2tZl7eS0r+SDo693bJlVdllGtEeKM=
gopkg.in/check.v1 v0.0.0-20161208181325-20d25e280405/go.mod h1:Co6ibVJAznAaIkqp8huTwlJQCZ016jof/cbN4VW5Yz0=
gopkg.in/yaml.v3 v3.0.1 h1:fxVm/GzAzEWqLHuvctI91KS9hhNmmWOoWu0XTYJS7CA=
gopkg.in/yaml.v3 v3.0.1/go.mod h1:K4uyk7z7BCEPqu6E+C64Yfv1cQ7kz7rIZviUmN+EgEM=
